
Microsoft Visual Studio Solution File, Format Version 12.00
# Visual Studio Version 17
VisualStudioVersion = 17.4.33403.182
MinimumVisualStudioVersion = 10.0.40219.1
Project("{FAE04EC0-301F-11D3-BF4B-00C04F79EFBC}") = "ExtensionMethods", "ExtensionMethods\ExtensionMethods.csproj", "{76F445AF-68C0-4DB7-8F72-50268593BC49}"
EndProject
Global
	GlobalSection(SolutionConfigurationPlatforms) = preSolution
		Debug|Any CPU = Debug|Any CPU
		Release|Any CPU = Release|Any CPU
	EndGlobalSection
	GlobalSection(ProjectConfigurationPlatforms) = postSolution
		{76F445AF-68C0-4DB7-8F72-50268593BC49}.Debug|Any CPU.ActiveCfg = Debug|Any CPU
		{76F445AF-68C0-4DB7-8F72-50268593BC49}.Debug|Any CPU.Build.0 = Debug|Any CPU
		{76F445AF-68C0-4DB7-8F72-50268593BC49}.Release|Any CPU.ActiveCfg = Release|Any CPU
		{76F445AF-68C0-4DB7-8F72-50268593BC49}.Release|Any CPU.Build.0 = Release|Any CPU
	EndGlobalSection
	GlobalSection(SolutionProperties) = preSolution
		HideSolutionNode = FALSE
	EndGlobalSection
	GlobalSection(ExtensibilityGlobals) = postSolution
		SolutionGuid = {AC58F4B4-D432-4726-8D37-E7D813DD1876}
	EndGlobalSection
EndGlobal
